// !$*UTF8*$!
{
	archiveVersion = 1;
	classes = {
	};
	objectVersion = 50;
	objects = {

/* Begin PBXBuildFile section */
		674BCE37259B080D004039FD /* UI_88App.swift in Sources */ = {isa = PBXBuildFile; fileRef = 674BCE36259B080D004039FD /* UI_88App.swift */; };
		674BCE39259B080D004039FD /* ContentView.swift in Sources */ = {isa = PBXBuildFile; fileRef = 674BCE38259B080D004039FD /* ContentView.swift */; };
		674BCE3B259B0810004039FD /* Assets.xcassets in Resources */ = {isa = PBXBuildFile; fileRef = 674BCE3A259B0810004039FD /* Assets.xcassets */; };
		674BCE3E259B0810004039FD /* Preview Assets.xcassets in Resources */ = {isa = PBXBuildFile; fileRef = 674BCE3D259B0810004039FD /* Preview Assets.xcassets */; };
		674BCE49259B0810004039FD /* UI_88Tests.swift in Sources */ = {isa = PBXBuildFile; fileRef = 674BCE48259B0810004039FD /* UI_88Tests.swift */; };
		674BCE54259B0810004039FD /* UI_88UITests.swift in Sources */ = {isa = PBXBuildFile; fileRef = 674BCE53259B0810004039FD /* UI_88UITests.swift */; };
		674BCE68259B0855004039FD /* Home.swift in Sources */ = {isa = PBXBuildFile; fileRef = 674BCE67259B0855004039FD /* Home.swift */; };
		674BCE70259B0A72004039FD /* Model.swift in Sources */ = {isa = PBXBuildFile; fileRef = 674BCE6F259B0A72004039FD /* Model.swift */; };
		674BCE75259B0ADA004039FD /* CaroselViewModel.swift in Sources */ = {isa = PBXBuildFile; fileRef = 674BCE74259B0ADA004039FD /* CaroselViewModel.swift */; };
		674BCE80259B193B004039FD /* CardView.swift in Sources */ = {isa = PBXBuildFile; fileRef = 674BCE7F259B193B004039FD /* CardView.swift */; };
		674BCE85259B1DFE004039FD /* DetailView.swift in Sources */ = {isa = PBXBuildFile; fileRef = 674BCE84259B1DFE004039FD /* DetailView.swift */; };
/* End PBXBuildFile section */

/* Begin PBXContainerItemProxy section */
		674BCE45259B0810004039FD /* PBXContainerItemProxy */ = {
			isa = PBXContainerItemProxy;
			containerPortal = 674BCE2B259B080D004039FD /* Project object */;
			proxyType = 1;
			remoteGlobalIDString = 674BCE32259B080D004039FD;
			remoteInfo = "UI-88";
		};
		674BCE50259B0810004039FD /* PBXContainerItemProxy */ = {
			isa = PBXContainerItemProxy;
			containerPortal = 674BCE2B259B080D004039FD /* Project object */;
			proxyType = 1;
			remoteGlobalIDString = 674BCE32259B080D004039FD;
			remoteInfo = "UI-88";
		};
/* End PBXContainerItemProxy section */

/* Begin PBXFileReference section */
		674BCE33259B080D004039FD /* UI-88.app */ = {isa = PBXFileReference; explicitFileType = wrapper.application; includeInIndex = 0; path = "UI-88.app"; sourceTree = BUILT_PRODUCTS_DIR; };
		674BCE36259B080D004039FD /* UI_88App.swift */ = {isa = PBXFileReference; lastKnownFileType = sourcecode.swift; path = UI_88App.swift; sourceTree = "<group>"; };
		674BCE38259B080D004039FD /* ContentView.swift */ = {isa = PBXFileReference; lastKnownFileType = sourcecode.swift; path = ContentView.swift; sourceTree = "<group>"; };
		674BCE3A259B0810004039FD /* Assets.xcassets */ = {isa = PBXFileReference; lastKnownFileType = folder.assetcatalog; path = Assets.xcassets; sourceTree = "<group>"; };
		674BCE3D259B0810004039FD /* Preview Assets.xcassets */ = {isa = PBXFileReference; lastKnownFileType = folder.assetcatalog; path = "Preview Assets.xcassets"; sourceTree = "<group>"; };
		674BCE3F259B0810004039FD /* Info.plist */ = {isa = PBXFileReference; lastKnownFileType = text.plist.xml; path = Info.plist; sourceTree = "<group>"; };
		674BCE44259B0810004039FD /* UI-88Tests.xctest */ = {isa = PBXFileReference; explicitFileType = wrapper.cfbundle; includeInIndex = 0; path = "UI-88Tests.xctest"; sourceTree = BUILT_PRODUCTS_DIR; };
		674BCE48259B0810004039FD /* UI_88Tests.swift */ = {isa = PBXFileReference; lastKnownFileType = sourcecode.swift; path = UI_88Tests.swift; sourceTree = "<group>"; };
		674BCE4A259B0810004039FD /* Info.plist */ = {isa = PBXFileReference; lastKnownFileType = text.plist.xml; path = Info.plist; sourceTree = "<group>"; };
		674BCE4F259B0810004039FD /* UI-88UITests.xctest */ = {isa = PBXFileReference; explicitFileType = wrapper.cfbundle; includeInIndex = 0; path = "UI-88UITests.xctest"; sourceTree = BUILT_PRODUCTS_DIR; };
		674BCE53259B0810004039FD /* UI_88UITests.swift */ = {isa = PBXFileReference; lastKnownFileType = sourcecode.swift; path = UI_88UITests.swift; sourceTree = "<group>"; };
		674BCE55259B0810004039FD /* Info.plist */ = {isa = PBXFileReference; lastKnownFileType = text.plist.xml; path = Info.plist; sourceTree = "<group>"; };
		674BCE67259B0855004039FD /* Home.swift */ = {isa = PBXFileReference; lastKnownFileType = sourcecode.swift; path = Home.swift; sourceTree = "<group>"; };
		674BCE6F259B0A72004039FD /* Model.swift */ = {isa = PBXFileReference; lastKnownFileType = sourcecode.swift; path = Model.swift; sourceTree = "<group>"; };
		674BCE74259B0ADA004039FD /* CaroselViewModel.swift */ = {isa = PBXFileReference; lastKnownFileType = sourcecode.swift; path = CaroselViewModel.swift; sourceTree = "<group>"; };
		674BCE7F259B193B004039FD /* CardView.swift */ = {isa = PBXFileReference; lastKnownFileType = sourcecode.swift; path = CardView.swift; sourceTree = "<group>"; };
		674BCE84259B1DFE004039FD /* DetailView.swift */ = {isa = PBXFileReference; lastKnownFileType = sourcecode.swift; path = DetailView.swift; sourceTree = "<group>"; };
/* End PBXFileReference section */

/* Begin PBXFrameworksBuildPhase section */
		674BCE30259B080D004039FD /* Frameworks */ = {
			isa = PBXFrameworksBuildPhase;
			buildActionMask = 2147483647;
			files = (
			);
			runOnlyForDeploymentPostprocessing = 0;
		};
		674BCE41259B0810004039FD /* Frameworks */ = {
			isa = PBXFrameworksBuildPhase;
			buildActionMask = 2147483647;
			files = (
			);
			runOnlyForDeploymentPostprocessing = 0;
		};
		674BCE4C259B0810004039FD /* Frameworks */ = {
			isa = PBXFrameworksBuildPhase;
			buildActionMask = 2147483647;
			files = (
			);
			runOnlyForDeploymentPostprocessing = 0;
		};
/* End PBXFrameworksBuildPhase section */

/* Begin PBXGroup section */
		674BCE2A259B080D004039FD = {
			isa = PBXGroup;
			children = (
				674BCE35259B080D004039FD /* UI-88 */,
				674BCE47259B0810004039FD /* UI-88Tests */,
				674BCE52259B0810004039FD /* UI-88UITests */,
				674BCE34259B080D004039FD /* Products */,
			);
			sourceTree = "<group>";
		};
		674BCE34259B080D004039FD /* Products */ = {
			isa = PBXGroup;
			children = (
				674BCE33259B080D004039FD /* UI-88.app */,
				674BCE44259B0810004039FD /* UI-88Tests.xctest */,
				674BCE4F259B0810004039FD /* UI-88UITests.xctest */,
			);
			name = Products;
			sourceTree = "<group>";
		};
		674BCE35259B080D004039FD /* UI-88 */ = {
			isa = PBXGroup;
			children = (
				674BCE66259B082E004039FD /* ViewModel */,
				674BCE65259B0825004039FD /* Model */,
				674BCE64259B081E004039FD /* View */,
				674BCE36259B080D004039FD /* UI_88App.swift */,
				674BCE38259B080D004039FD /* ContentView.swift */,
				674BCE3A259B0810004039FD /* Assets.xcassets */,
				674BCE3F259B0810004039FD /* Info.plist */,
				674BCE3C259B0810004039FD /* Preview Content */,
			);
			path = "UI-88";
			sourceTree = "<group>";
		};
		674BCE3C259B0810004039FD /* Preview Content */ = {
			isa = PBXGroup;
			children = (
				674BCE3D259B0810004039FD /* Preview Assets.xcassets */,
			);
			path = "Preview Content";
			sourceTree = "<group>";
		};
		674BCE47259B0810004039FD /* UI-88Tests */ = {
			isa = PBXGroup;
			children = (
				674BCE48259B0810004039FD /* UI_88Tests.swift */,
				674BCE4A259B0810004039FD /* Info.plist */,
			);
			path = "UI-88Tests";
			sourceTree = "<group>";
		};
		674BCE52259B0810004039FD /* UI-88UITests */ = {
			isa = PBXGroup;
			children = (
				674BCE53259B0810004039FD /* UI_88UITests.swift */,
				674BCE55259B0810004039FD /* Info.plist */,
			);
			path = "UI-88UITests";
			sourceTree = "<group>";
		};
		674BCE64259B081E004039FD /* View */ = {
			isa = PBXGroup;
			children = (
				674BCE67259B0855004039FD /* Home.swift */,
				674BCE7F259B193B004039FD /* CardView.swift */,
				674BCE84259B1DFE004039FD /* DetailView.swift */,
			);
			path = View;
			sourceTree = "<group>";
		};
		674BCE65259B0825004039FD /* Model */ = {
			isa = PBXGroup;
			children = (
				674BCE6F259B0A72004039FD /* Model.swift */,
			);
			name = Model;
			path = "New Group1";
			sourceTree = "<group>";
		};
		674BCE66259B082E004039FD /* ViewModel */ = {
			isa = PBXGroup;
			children = (
				674BCE74259B0ADA004039FD /* CaroselViewModel.swift */,
			);
			path = ViewModel;
			sourceTree = "<group>";
		};
/* End PBXGroup section */

/* Begin PBXNativeTarget section */
		674BCE32259B080D004039FD /* UI-88 */ = {
			isa = PBXNativeTarget;
			buildConfigurationList = 674BCE58259B0810004039FD /* Build configuration list for PBXNativeTarget "UI-88" */;
			buildPhases = (
				674BCE2F259B080D004039FD /* Sources */,
				674BCE30259B080D004039FD /* Frameworks */,
				674BCE31259B080D004039FD /* Resources */,
			);
			buildRules = (
			);
			dependencies = (
			);
			name = "UI-88";
			productName = "UI-88";
			productReference = 674BCE33259B080D004039FD /* UI-88.app */;
			productType = "com.apple.product-type.application";
		};
		674BCE43259B0810004039FD /* UI-88Tests */ = {
			isa = PBXNativeTarget;
			buildConfigurationList = 674BCE5B259B0810004039FD /* Build configuration list for PBXNativeTarget "UI-88Tests" */;
			buildPhases = (
				674BCE40259B0810004039FD /* Sources */,
				674BCE41259B0810004039FD /* Frameworks */,
				674BCE42259B0810004039FD /* Resources */,
			);
			buildRules = (
			);
			dependencies = (
				674BCE46259B0810004039FD /* PBXTargetDependency */,
			);
			name = "UI-88Tests";
			productName = "UI-88Tests";
			productReference = 674BCE44259B0810004039FD /* UI-88Tests.xctest */;
			productType = "com.apple.product-type.bundle.unit-test";
		};
		674BCE4E259B0810004039FD /* UI-88UITests */ = {
			isa = PBXNativeTarget;
			buildConfigurationList = 674BCE5E259B0810004039FD /* Build configuration list for PBXNativeTarget "UI-88UITests" */;
			buildPhases = (
				674BCE4B259B0810004039FD /* Sources */,
				674BCE4C259B0810004039FD /* Frameworks */,
				674BCE4D259B0810004039FD /* Resources */,
			);
			buildRules = (
			);
			dependencies = (
				674BCE51259B0810004039FD /* PBXTargetDependency */,
			);
			name = "UI-88UITests";
			productName = "UI-88UITests";
			productReference = 674BCE4F259B0810004039FD /* UI-88UITests.xctest */;
			productType = "com.apple.product-type.bundle.ui-testing";
		};
/* End PBXNativeTarget section */

/* Begin PBXProject section */
		674BCE2B259B080D004039FD /* Project object */ = {
			isa = PBXProject;
			attributes = {
				LastSwiftUpdateCheck = 1230;
				LastUpgradeCheck = 1230;
				TargetAttributes = {
					674BCE32259B080D004039FD = {
						CreatedOnToolsVersion = 12.3;
					};
					674BCE43259B0810004039FD = {
						CreatedOnToolsVersion = 12.3;
						TestTargetID = 674BCE32259B080D004039FD;
					};
					674BCE4E259B0810004039FD = {
						CreatedOnToolsVersion = 12.3;
						TestTargetID = 674BCE32259B080D004039FD;
					};
				};
			};
			buildConfigurationList = 674BCE2E259B080D004039FD /* Build configuration list for PBXProject "UI-88" */;
			compatibilityVersion = "Xcode 9.3";
			developmentRegion = en;
			hasScannedForEncodings = 0;
			knownRegions = (
				en,
				Base,
			);
			mainGroup = 674BCE2A259B080D004039FD;
			productRefGroup = 674BCE34259B080D004039FD /* Products */;
			projectDirPath = "";
			projectRoot = "";
			targets = (
				674BCE32259B080D004039FD /* UI-88 */,
				674BCE43259B0810004039FD /* UI-88Tests */,
				674BCE4E259B0810004039FD /* UI-88UITests */,
			);
		};
/* End PBXProject section */

/* Begin PBXResourcesBuildPhase section */
		674BCE31259B080D004039FD /* Resources */ = {
			isa = PBXResourcesBuildPhase;
			buildActionMask = 2147483647;
			files = (
				674BCE3E259B0810004039FD /* Preview Assets.xcassets in Resources */,
				674BCE3B259B0810004039FD /* Assets.xcassets in Resources */,
			);
			runOnlyForDeploymentPostprocessing = 0;
		};
		674BCE42259B0810004039FD /* Resources */ = {
			isa = PBXResourcesBuildPhase;
			buildActionMask = 2147483647;
			files = (
			);
			runOnlyForDeploymentPostprocessing = 0;
		};
		674BCE4D259B0810004039FD /* Resources */ = {
			isa = PBXResourcesBuildPhase;
			buildActionMask = 2147483647;
			files = (
			);
			runOnlyForDeploymentPostprocessing = 0;
		};
/* End PBXResourcesBuildPhase section */

/* Begin PBXSourcesBuildPhase section */
		674BCE2F259B080D004039FD /* Sources */ = {
			isa = PBXSourcesBuildPhase;
			buildActionMask = 2147483647;
			files = (
				674BCE75259B0ADA004039FD /* CaroselViewModel.swift in Sources */,
				674BCE39259B080D004039FD /* ContentView.swift in Sources */,
				674BCE68259B0855004039FD /* Home.swift in Sources */,
				674BCE85259B1DFE004039FD /* DetailView.swift in Sources */,
				674BCE37259B080D004039FD /* UI_88App.swift in Sources */,
				674BCE80259B193B004039FD /* CardView.swift in Sources */,
				674BCE70259B0A72004039FD /* Model.swift in Sources */,
			);
			runOnlyForDeploymentPostprocessing = 0;
		};
		674BCE40259B0810004039FD /* Sources */ = {
			isa = PBXSourcesBuildPhase;
			buildActionMask = 2147483647;
			files = (
				674BCE49259B0810004039FD /* UI_88Tests.swift in Sources */,
			);
			runOnlyForDeploymentPostprocessing = 0;
		};
		674BCE4B259B0810004039FD /* Sources */ = {
			isa = PBXSourcesBuildPhase;
			buildActionMask = 2147483647;
			files = (
				674BCE54259B0810004039FD /* UI_88UITests.swift in Sources */,
			);
			runOnlyForDeploymentPostprocessing = 0;
		};
/* End PBXSourcesBuildPhase section */

/* Begin PBXTargetDependency section */
		674BCE46259B0810004039FD /* PBXTargetDependency */ = {
			isa = PBXTargetDependency;
			target = 674BCE32259B080D004039FD /* UI-88 */;
			targetProxy = 674BCE45259B0810004039FD /* PBXContainerItemProxy */;
		};
		674BCE51259B0810004039FD /* PBXTargetDependency */ = {
			isa = PBXTargetDependency;
			target = 674BCE32259B080D004039FD /* UI-88 */;
			targetProxy = 674BCE50259B0810004039FD /* PBXContainerItemProxy */;
		};
/* End PBXTargetDependency section */

/* Begin XCBuildConfiguration section */
		674BCE56259B0810004039FD /* Debug */ = {
			isa = XCBuildConfiguration;
			buildSettings = {
				ALWAYS_SEARCH_USER_PATHS = NO;
				CLANG_ANALYZER_NONNULL = YES;
				CLANG_ANALYZER_NUMBER_OBJECT_CONVERSION = YES_AGGRESSIVE;
				CLANG_CXX_LANGUAGE_STANDARD = "gnu++14";
				CLANG_CXX_LIBRARY = "libc++";
				CLANG_ENABLE_MODULES = YES;
				CLANG_ENABLE_OBJC_ARC = YES;
				CLANG_ENABLE_OBJC_WEAK = YES;
				CLANG_WARN_BLOCK_CAPTURE_AUTORELEASING = YES;
				CLANG_WARN_BOOL_CONVERSION = YES;
				CLANG_WARN_COMMA = YES;
				CLANG_WARN_CONSTANT_CONVERSION = YES;
				CLANG_WARN_DEPRECATED_OBJC_IMPLEMENTATIONS = YES;
				CLANG_WARN_DIRECT_OBJC_ISA_USAGE = YES_ERROR;
				CLANG_WARN_DOCUMENTATION_COMMENTS = YES;
				CLANG_WARN_EMPTY_BODY = YES;
				CLANG_WARN_ENUM_CONVERSION = YES;
				CLANG_WARN_INFINITE_RECURSION = YES;
				CLANG_WARN_INT_CONVERSION = YES;
				CLANG_WARN_NON_LITERAL_NULL_CONVERSION = YES;
				CLANG_WARN_OBJC_IMPLICIT_RETAIN_SELF = YES;
				CLANG_WARN_OBJC_LITERAL_CONVERSION = YES;
				CLANG_WARN_OBJC_ROOT_CLASS = YES_ERROR;
				CLANG_WARN_QUOTED_INCLUDE_IN_FRAMEWORK_HEADER = YES;
				CLANG_WARN_RANGE_LOOP_ANALYSIS = YES;
				CLANG_WARN_STRICT_PROTOTYPES = YES;
				CLANG_WARN_SUSPICIOUS_MOVE = YES;
				CLANG_WARN_UNGUARDED_AVAILABILITY = YES_AGGRESSIVE;
				CLANG_WARN_UNREACHABLE_CODE = YES;
				CLANG_WARN__DUPLICATE_METHOD_MATCH = YES;
				COPY_PHASE_STRIP = NO;
				DEBUG_INFORMATION_FORMAT = dwarf;
				ENABLE_STRICT_OBJC_MSGSEND = YES;
				ENABLE_TESTABILITY = YES;
				GCC_C_LANGUAGE_STANDARD = gnu11;
				GCC_DYNAMIC_NO_PIC = NO;
				GCC_NO_COMMON_BLOCKS = YES;
				GCC_OPTIMIZATION_LEVEL = 0;
				GCC_PREPROCESSOR_DEFINITIONS = (
					"DEBUG=1",
					"$(inherited)",
				);
				GCC_WARN_64_TO_32_BIT_CONVERSION = YES;
				GCC_WARN_ABOUT_RETURN_TYPE = YES_ERROR;
				GCC_WARN_UNDECLARED_SELECTOR = YES;
				GCC_WARN_UNINITIALIZED_AUTOS = YES_AGGRESSIVE;
				GCC_WARN_UNUSED_FUNCTION = YES;
				GCC_WARN_UNUSED_VARIABLE = YES;
				IPHONEOS_DEPLOYMENT_TARGET = 14.3;
				MTL_ENABLE_DEBUG_INFO = INCLUDE_SOURCE;
				MTL_FAST_MATH = YES;
				ONLY_ACTIVE_ARCH = YES;
				SDKROOT = iphoneos;
				SWIFT_ACTIVE_COMPILATION_CONDITIONS = DEBUG;
				SWIFT_OPTIMIZATION_LEVEL = "-Onone";
			};
			name = Debug;
		};
		674BCE57259B0810004039FD /* Release */ = {
			isa = XCBuildConfiguration;
			buildSettings = {
				ALWAYS_SEARCH_USER_PATHS = NO;
				CLANG_ANALYZER_NONNULL = YES;
				CLANG_ANALYZER_NUMBER_OBJECT_CONVERSION = YES_AGGRESSIVE;
				CLANG_CXX_LANGUAGE_STANDARD = "gnu++14";
				CLANG_CXX_LIBRARY = "libc++";
				CLANG_ENABLE_MODULES = YES;
				CLANG_ENABLE_OBJC_ARC = YES;
				CLANG_ENABLE_OBJC_WEAK = YES;
				CLANG_WARN_BLOCK_CAPTURE_AUTORELEASING = YES;
				CLANG_WARN_BOOL_CONVERSION = YES;
				CLANG_WARN_COMMA = YES;
				CLANG_WARN_CONSTANT_CONVERSION = YES;
				CLANG_WARN_DEPRECATED_OBJC_IMPLEMENTATIONS = YES;
				CLANG_WARN_DIRECT_OBJC_ISA_USAGE = YES_ERROR;
				CLANG_WARN_DOCUMENTATION_COMMENTS = YES;
				CLANG_WARN_EMPTY_BODY = YES;
				CLANG_WARN_ENUM_CONVERSION = YES;
				CLANG_WARN_INFINITE_RECURSION = YES;
				CLANG_WARN_INT_CONVERSION = YES;
				CLANG_WARN_NON_LITERAL_NULL_CONVERSION = YES;
				CLANG_WARN_OBJC_IMPLICIT_RETAIN_SELF = YES;
				CLANG_WARN_OBJC_LITERAL_CONVERSION = YES;
				CLANG_WARN_OBJC_ROOT_CLASS = YES_ERROR;
				CLANG_WARN_QUOTED_INCLUDE_IN_FRAMEWORK_HEADER = YES;
				CLANG_WARN_RANGE_LOOP_ANALYSIS = YES;
				CLANG_WARN_STRICT_PROTOTYPES = YES;
				CLANG_WARN_SUSPICIOUS_MOVE = YES;
				CLANG_WARN_UNGUARDED_AVAILABILITY = YES_AGGRESSIVE;
				CLANG_WARN_UNREACHABLE_CODE = YES;
				CLANG_WARN__DUPLICATE_METHOD_MATCH = YES;
				COPY_PHASE_STRIP = NO;
				DEBUG_INFORMATION_FORMAT = "dwarf-with-dsym";
				ENABLE_NS_ASSERTIONS = NO;
				ENABLE_STRICT_OBJC_MSGSEND = YES;
				GCC_C_LANGUAGE_STANDARD = gnu11;
				GCC_NO_COMMON_BLOCKS = YES;
				GCC_WARN_64_TO_32_BIT_CONVERSION = YES;
				GCC_WARN_ABOUT_RETURN_TYPE = YES_ERROR;
				GCC_WARN_UNDECLARED_SELECTOR = YES;
				GCC_WARN_UNINITIALIZED_AUTOS = YES_AGGRESSIVE;
				GCC_WARN_UNUSED_FUNCTION = YES;
				GCC_WARN_UNUSED_VARIABLE = YES;
				IPHONEOS_DEPLOYMENT_TARGET = 14.3;
				MTL_ENABLE_DEBUG_INFO = NO;
				MTL_FAST_MATH = YES;
				SDKROOT = iphoneos;
				SWIFT_COMPILATION_MODE = wholemodule;
				SWIFT_OPTIMIZATION_LEVEL = "-O";
				VALIDATE_PRODUCT = YES;
			};
			name = Release;
		};
		674BCE59259B0810004039FD /* Debug */ = {
			isa = XCBuildConfiguration;
			buildSettings = {
				ASSETCATALOG_COMPILER_APPICON_NAME = AppIcon;
				ASSETCATALOG_COMPILER_GLOBAL_ACCENT_COLOR_NAME = AccentColor;
				CODE_SIGN_STYLE = Automatic;
				DEVELOPMENT_ASSET_PATHS = "\"UI-88/Preview Content\"";
				ENABLE_PREVIEWS = YES;
				INFOPLIST_FILE = "UI-88/Info.plist";
				IPHONEOS_DEPLOYMENT_TARGET = 14.0;
				LD_RUNPATH_SEARCH_PATHS = (
					"$(inherited)",
					"@executable_path/Frameworks",
				);
				PRODUCT_BUNDLE_IDENTIFIER = "com.uzu.UI-88";
				PRODUCT_NAME = "$(TARGET_NAME)";
				SWIFT_VERSION = 5.0;
				TARGETED_DEVICE_FAMILY = "1,2";
			};
			name = Debug;
		};
		674BCE5A259B0810004039FD /* Release */ = {
			isa = XCBuildConfiguration;
			buildSettings = {
				ASSETCATALOG_COMPILER_APPICON_NAME = AppIcon;
				ASSETCATALOG_COMPILER_GLOBAL_ACCENT_COLOR_NAME = AccentColor;
				CODE_SIGN_STYLE = Automatic;
				DEVELOPMENT_ASSET_PATHS = "\"UI-88/Preview Content\"";
				ENABLE_PREVIEWS = YES;
				INFOPLIST_FILE = "UI-88/Info.plist";
				IPHONEOS_DEPLOYMENT_TARGET = 14.0;
				LD_RUNPATH_SEARCH_PATHS = (
					"$(inherited)",
					"@executable_path/Frameworks",
				);
				PRODUCT_BUNDLE_IDENTIFIER = "com.uzu.UI-88";
				PRODUCT_NAME = "$(TARGET_NAME)";
				SWIFT_VERSION = 5.0;
				TARGETED_DEVICE_FAMILY = "1,2";
			};
			name = Release;
		};
		674BCE5C259B0810004039FD /* Debug */ = {
			isa = XCBuildConfiguration;
			buildSettings = {
				ALWAYS_EMBED_SWIFT_STANDARD_LIBRARIES = YES;
				BUNDLE_LOADER = "$(TEST_HOST)";
				CODE_SIGN_STYLE = Automatic;
				INFOPLIST_FILE = "UI-88Tests/Info.plist";
				IPHONEOS_DEPLOYMENT_TARGET = 14.0;
				LD_RUNPATH_SEARCH_PATHS = (
					"$(inherited)",
					"@executable_path/Frameworks",
					"@loader_path/Frameworks",
				);
				PRODUCT_BUNDLE_IDENTIFIER = "com.uzu.UI-88Tests";
				PRODUCT_NAME = "$(TARGET_NAME)";
				SWIFT_VERSION = 5.0;
				TARGETED_DEVICE_FAMILY = "1,2";
				TEST_HOST = "$(BUILT_PRODUCTS_DIR)/UI-88.app/UI-88";
			};
			name = Debug;
		};
		674BCE5D259B0810004039FD /* Release */ = {
			isa = XCBuildConfiguration;
			buildSettings = {
				ALWAYS_EMBED_SWIFT_STANDARD_LIBRARIES = YES;
				BUNDLE_LOADER = "$(TEST_HOST)";
				CODE_SIGN_STYLE = Automatic;
				INFOPLIST_FILE = "UI-88Tests/Info.plist";
				IPHONEOS_DEPLOYMENT_TARGET = 14.0;
				LD_RUNPATH_SEARCH_PATHS = (
					"$(inherited)",
					"@executable_path/Frameworks",
					"@loader_path/Frameworks",
				);
				PRODUCT_BUNDLE_IDENTIFIER = "com.uzu.UI-88Tests";
				PRODUCT_NAME = "$(TARGET_NAME)";
				SWIFT_VERSION = 5.0;
				TARGETED_DEVICE_FAMILY = "1,2";
				TEST_HOST = "$(BUILT_PRODUCTS_DIR)/UI-88.app/UI-88";
			};
			name = Release;
		};
		674BCE5F259B0810004039FD /* Debug */ = {
			isa = XCBuildConfiguration;
			buildSettings = {
				ALWAYS_EMBED_SWIFT_STANDARD_LIBRARIES = YES;
				CODE_SIGN_STYLE = Automatic;
				INFOPLIST_FILE = "UI-88UITests/Info.plist";
				LD_RUNPATH_SEARCH_PATHS = (
					"$(inherited)",
					"@executable_path/Frameworks",
					"@loader_path/Frameworks",
				);
				PRODUCT_BUNDLE_IDENTIFIER = "com.uzu.UI-88UITests";
				PRODUCT_NAME = "$(TARGET_NAME)";
				SWIFT_VERSION = 5.0;
				TARGETED_DEVICE_FAMILY = "1,2";
				TEST_TARGET_NAME = "UI-88";
			};
			name = Debug;
		};
		674BCE60259B0810004039FD /* Release */ = {
			isa = XCBuildConfiguration;
			buildSettings = {
				ALWAYS_EMBED_SWIFT_STANDARD_LIBRARIES = YES;
				CODE_SIGN_STYLE = Automatic;
				INFOPLIST_FILE = "UI-88UITests/Info.plist";
				LD_RUNPATH_SEARCH_PATHS = (
					"$(inherited)",
					"@executable_path/Frameworks",
					"@loader_path/Frameworks",
				);
				PRODUCT_BUNDLE_IDENTIFIER = "com.uzu.UI-88UITests";
				PRODUCT_NAME = "$(TARGET_NAME)";
				SWIFT_VERSION = 5.0;
				TARGETED_DEVICE_FAMILY = "1,2";
				TEST_TARGET_NAME = "UI-88";
			};
			name = Release;
		};
/* End XCBuildConfiguration section */

/* Begin XCConfigurationList section */
		674BCE2E259B080D004039FD /* Build configuration list for PBXProject "UI-88" */ = {
			isa = XCConfigurationList;
			buildConfigurations = (
				674BCE56259B0810004039FD /* Debug */,
				674BCE57259B0810004039FD /* Release */,
			);
			defaultConfigurationIsVisible = 0;
			defaultConfigurationName = Release;
		};
		674BCE58259B0810004039FD /* Build configuration list for PBXNativeTarget "UI-88" */ = {
			isa = XCConfigurationList;
			buildConfigurations = (
				674BCE59259B0810004039FD /* Debug */,
				674BCE5A259B0810004039FD /* Release */,
			);
			defaultConfigurationIsVisible = 0;
			defaultConfigurationName = Release;
		};
		674BCE5B259B0810004039FD /* Build configuration list for PBXNativeTarget "UI-88Tests" */ = {
			isa = XCConfigurationList;
			buildConfigurations = (
				674BCE5C259B0810004039FD /* Debug */,
				674BCE5D259B0810004039FD /* Release */,
			);
			defaultConfigurationIsVisible = 0;
			defaultConfigurationName = Release;
		};
		674BCE5E259B0810004039FD /* Build configuration list for PBXNativeTarget "UI-88UITests" */ = {
			isa = XCConfigurationList;
			buildConfigurations = (
				674BCE5F259B0810004039FD /* Debug */,
				674BCE60259B0810004039FD /* Release */,
			);
			defaultConfigurationIsVisible = 0;
			defaultConfigurationName = Release;
		};
/* End XCConfigurationList section */
	};
	rootObject = 674BCE2B259B080D004039FD /* Project object */;
}
